
Microsoft Visual Studio Solution File, Format Version 12.00
# Visual Studio Version 17
VisualStudioVersion = 17.5.002.0
MinimumVisualStudioVersion = 10.0.40219.1
Project("{2150E333-8FDC-42A3-9474-1A3956D46DE8}") = "EsepWebhook", "EsepWebhook", "{314ACACD-83E4-4082-B3BE-B2F4702067BB}"
EndProject
Project("{2150E333-8FDC-42A3-9474-1A3956D46DE8}") = "src", "src", "{CEA13A7E-F593-4224-93B6-3E24ECE49028}"
EndProject
Project("{9A19103F-16F7-4668-BE54-9A1E7A4F7556}") = "EsepWebhook", "EsepWebhook\src\EsepWebhook\EsepWebhook.csproj", "{BA8F0520-EF43-4CF7-B5E8-C69553628748}"
EndProject
Project("{2150E333-8FDC-42A3-9474-1A3956D46DE8}") = "test", "test", "{3A6E9382-F00F-4D50-B72B-08C989FF00F6}"
EndProject
Project("{9A19103F-16F7-4668-BE54-9A1E7A4F7556}") = "EsepWebhook.Tests", "EsepWebhook\test\EsepWebhook.Tests\EsepWebhook.Tests.csproj", "{28A61B5E-C1EF-4426-88C7-743C8644A4B9}"
EndProject
Global
	GlobalSection(SolutionConfigurationPlatforms) = preSolution
		Debug|Any CPU = Debug|Any CPU
		Release|Any CPU = Release|Any CPU
	EndGlobalSection
	GlobalSection(ProjectConfigurationPlatforms) = postSolution
		{BA8F0520-EF43-4CF7-B5E8-C69553628748}.Debug|Any CPU.ActiveCfg = Debug|Any CPU
		{BA8F0520-EF43-4CF7-B5E8-C69553628748}.Debug|Any CPU.Build.0 = Debug|Any CPU
		{BA8F0520-EF43-4CF7-B5E8-C69553628748}.Release|Any CPU.ActiveCfg = Release|Any CPU
		{BA8F0520-EF43-4CF7-B5E8-C69553628748}.Release|Any CPU.Build.0 = Release|Any CPU
		{28A61B5E-C1EF-4426-88C7-743C8644A4B9}.Debug|Any CPU.ActiveCfg = Debug|Any CPU
		{28A61B5E-C1EF-4426-88C7-743C8644A4B9}.Debug|Any CPU.Build.0 = Debug|Any CPU
		{28A61B5E-C1EF-4426-88C7-743C8644A4B9}.Release|Any CPU.ActiveCfg = Release|Any CPU
		{28A61B5E-C1EF-4426-88C7-743C8644A4B9}.Release|Any CPU.Build.0 = Release|Any CPU
	EndGlobalSection
	GlobalSection(SolutionProperties) = preSolution
		HideSolutionNode = FALSE
	EndGlobalSection
	GlobalSection(NestedProjects) = preSolution
		{CEA13A7E-F593-4224-93B6-3E24ECE49028} = {314ACACD-83E4-4082-B3BE-B2F4702067BB}
		{BA8F0520-EF43-4CF7-B5E8-C69553628748} = {CEA13A7E-F593-4224-93B6-3E24ECE49028}
		{3A6E9382-F00F-4D50-B72B-08C989FF00F6} = {314ACACD-83E4-4082-B3BE-B2F4702067BB}
		{28A61B5E-C1EF-4426-88C7-743C8644A4B9} = {3A6E9382-F00F-4D50-B72B-08C989FF00F6}
	EndGlobalSection
	GlobalSection(ExtensibilityGlobals) = postSolution
		SolutionGuid = {B4185A9E-7409-44B5-9560-3E9E59F74EBB}
	EndGlobalSection
EndGlobal
